dependencies:
  espressif/cmake_utilities:
    component_hash: 
      351350613ceafba240b761b4ea991e0f231ac7a9f59a9ee901f751bddc0bb18f
    dependencies:
    - name: idf
      require: private
      version: '>=4.1'
    source:
      registry_url: https://components.espressif.com
      type: service
    version: 0.5.3
  espressif/esp32-camera:
    component_hash: 
      f0a608b109935a5389221eee5090ec61f51b0df1a0749531fe59d33aaf263233
    dependencies:
    - name: espressif/esp_jpeg
      registry_url: https://components.espressif.com
      require: public
      version: ^1.3.1
    - name: idf
      require: private
      version: '>=5.1'
    source:
      registry_url: https://components.espressif.com/
      type: service
    version: 2.1.4
  espressif/esp_io_expander:
    component_hash: 
      034903704f65e3994d7cce9d080b19d89525cf6d416574b932826adf680f3942
    dependencies:
    - name: idf
      require: private
      version: '>=4.4.2'
    source:
      registry_url: https://components.espressif.com
      type: service
    version: 1.2.0
  espressif/esp_io_expander_tca9554:
    component_hash: 
      ee94a439ade1c17129a491efe572c600899306a2ffadbde491852d95333e28b4
    dependencies:
    - name: espressif/esp_io_expander
      registry_url: https://components.espressif.com
      require: public
      version: ^1.2.0
    - name: idf
      require: private
      version: '>=5.2'
    source:
      registry_url: https://components.espressif.com/
      type: service
    version: 2.0.3
  espressif/esp_jpeg:
    component_hash: 
      defb83669293cbf86d0fa86b475ba5517aceed04ed70db435388c151ab37b5d7
    dependencies:
    - name: idf
      require: private
      version: '>=5.0'
    source:
      registry_url: https://components.espressif.com
      type: service
    version: 1.3.1
  espressif/esp_lcd_st7796:
    component_hash: 
      528a864b7dd447aa78472680a1f3e294c8045b4e64d479d176c3c66aa6f7edee
    dependencies:
    - name: espressif/cmake_utilities
      registry_url: https://components.espressif.com
      require: private
      version: 0.*
    - name: idf
      require: private
      version: '>=4.4'
    source:
      registry_url: https://components.espressif.com/
      type: service
    targets:
    - esp32
    - esp32s2
    - esp32s3
    - esp32p4
    - esp32c3
    version: 1.4.0
  espressif/esp_lcd_touch:
    component_hash: 
      3f85a7d95af876f1a6ecca8eb90a81614890d0f03a038390804e5a77e2caf862
    dependencies:
    - name: idf
      require: private
      version: '>=4.4.2'
    source:
      registry_url: https://components.espressif.com/
      type: service
    version: 1.2.1
  espressif/esp_lvgl_port:
    component_hash: 
      f872401524cb645ee6ff1c9242d44fb4ddcfd4d37d7be8b9ed3f4e85a404efcd
    dependencies:
    - name: idf
      require: private
      version: '>=5.1'
    - name: lvgl/lvgl
      registry_url: https://components.espressif.com
      require: public
      version: '>=8,<10'
    source:
      registry_url: https://components.espressif.com/
      type: service
    version: 2.7.0
  idf:
    source:
      type: idf
    version: 5.5.1
  lvgl/lvgl:
    component_hash: 
      d7c1ac037ae6e85d94897f807d6e7ba0946a83e720074fc95a4f6241da9f9f53
    dependencies: []
    source:
      registry_url: https://components.espressif.com/
      type: service
    version: 8.4.0
direct_dependencies:
- espressif/esp32-camera
- espressif/esp_io_expander_tca9554
- espressif/esp_lcd_st7796
- espressif/esp_lcd_touch
- espressif/esp_lvgl_port
- idf
- lvgl/lvgl
manifest_hash: 980e2d3eacb110346e71d908105f76313c0def01ece1899f12f289bf46de45b3
target: esp32s3
version: 2.0.0
